
Microsoft Visual Studio Solution File, Format Version 12.00
# Visual Studio Version 16
VisualStudioVersion = 16.0.31729.503
MinimumVisualStudioVersion = 10.0.40219.1
Project("{8BC9CEB8-8B4A-11D0-8D11-00A0C91BC942}") = "20230907_1", "20230907_1\20230907_1.vcxproj", "{0FE6DD6B-B948-4536-8FA8-390B9E02763A}"
EndProject
Global
	GlobalSection(SolutionConfigurationPlatforms) = preSolution
		Debug|x64 = Debug|x64
		Debug|x86 = Debug|x86
		Release|x64 = Release|x64
		Release|x86 = Release|x86
	EndGlobalSection
	GlobalSection(ProjectConfigurationPlatforms) = postSolution
		{0FE6DD6B-B948-4536-8FA8-390B9E02763A}.Debug|x64.ActiveCfg = Debug|x64
		{0FE6DD6B-B948-4536-8FA8-390B9E02763A}.Debug|x64.Build.0 = Debug|x64
		{0FE6DD6B-B948-4536-8FA8-390B9E02763A}.Debug|x86.ActiveCfg = Debug|Win32
		{0FE6DD6B-B948-4536-8FA8-390B9E02763A}.Debug|x86.Build.0 = Debug|Win32
		{0FE6DD6B-B948-4536-8FA8-390B9E02763A}.Release|x64.ActiveCfg = Release|x64
		{0FE6DD6B-B948-4536-8FA8-390B9E02763A}.Release|x64.Build.0 = Release|x64
		{0FE6DD6B-B948-4536-8FA8-390B9E02763A}.Release|x86.ActiveCfg = Release|Win32
		{0FE6DD6B-B948-4536-8FA8-390B9E02763A}.Release|x86.Build.0 = Release|Win32
	EndGlobalSection
	GlobalSection(SolutionProperties) = preSolution
		HideSolutionNode = FALSE
	EndGlobalSection
	GlobalSection(ExtensibilityGlobals) = postSolution
		SolutionGuid = {9A25273C-A096-4BD1-8AA3-9586D2CC57D0}
	EndGlobalSection
EndGlobal
