
Microsoft Visual Studio Solution File, Format Version 12.00
# Visual Studio Version 17
VisualStudioVersion = 17.5.33502.453
MinimumVisualStudioVersion = 10.0.40219.1
Project("{8BC9CEB8-8B4A-11D0-8D11-00A0C91BC942}") = "BlackJack", "BlackJack\BlackJack.vcxproj", "{B573E6F7-719E-43FD-9338-A7E4986B5050}"
EndProject
Global
	GlobalSection(SolutionConfigurationPlatforms) = preSolution
		Debug|x64 = Debug|x64
		Debug|x86 = Debug|x86
		Release|x64 = Release|x64
		Release|x86 = Release|x86
	EndGlobalSection
	GlobalSection(ProjectConfigurationPlatforms) = postSolution
		{B573E6F7-719E-43FD-9338-A7E4986B5050}.Debug|x64.ActiveCfg = Debug|x64
		{B573E6F7-719E-43FD-9338-A7E4986B5050}.Debug|x64.Build.0 = Debug|x64
		{B573E6F7-719E-43FD-9338-A7E4986B5050}.Debug|x86.ActiveCfg = Debug|Win32
		{B573E6F7-719E-43FD-9338-A7E4986B5050}.Debug|x86.Build.0 = Debug|Win32
		{B573E6F7-719E-43FD-9338-A7E4986B5050}.Release|x64.ActiveCfg = Release|x64
		{B573E6F7-719E-43FD-9338-A7E4986B5050}.Release|x64.Build.0 = Release|x64
		{B573E6F7-719E-43FD-9338-A7E4986B5050}.Release|x86.ActiveCfg = Release|Win32
		{B573E6F7-719E-43FD-9338-A7E4986B5050}.Release|x86.Build.0 = Release|Win32
	EndGlobalSection
	GlobalSection(SolutionProperties) = preSolution
		HideSolutionNode = FALSE
	EndGlobalSection
	GlobalSection(ExtensibilityGlobals) = postSolution
		SolutionGuid = {62FF05AD-BB83-4EF6-80AB-7B0775F54D01}
	EndGlobalSection
EndGlobal
